
Microsoft Visual Studio Solution File, Format Version 12.00
# Visual Studio Version 16
VisualStudioVersion = 16.0.31605.320
MinimumVisualStudioVersion = 10.0.40219.1
Project("{FAE04EC0-301F-11D3-BF4B-00C04F79EFBC}") = "Poisk", "Poisk.csproj", "{F5538723-1D70-4BDF-AB1E-E3BE3F65141C}"
EndProject
Global
	GlobalSection(SolutionConfigurationPlatforms) = preSolution
		Debug|Any CPU = Debug|Any CPU
		Release|Any CPU = Release|Any CPU
	EndGlobalSection
	GlobalSection(ProjectConfigurationPlatforms) = postSolution
		{F5538723-1D70-4BDF-AB1E-E3BE3F65141C}.Debug|Any CPU.ActiveCfg = Debug|Any CPU
		{F5538723-1D70-4BDF-AB1E-E3BE3F65141C}.Debug|Any CPU.Build.0 = Debug|Any CPU
		{F5538723-1D70-4BDF-AB1E-E3BE3F65141C}.Release|Any CPU.ActiveCfg = Release|Any CPU
		{F5538723-1D70-4BDF-AB1E-E3BE3F65141C}.Release|Any CPU.Build.0 = Release|Any CPU
	EndGlobalSection
	GlobalSection(SolutionProperties) = preSolution
		HideSolutionNode = FALSE
	EndGlobalSection
	GlobalSection(ExtensibilityGlobals) = postSolution
		SolutionGuid = {707A2936-8A92-457A-8FE0-D14F834E03AA}
	EndGlobalSection
EndGlobal
